<?xml version="1.0" encoding="utf-8"?>
<Project ToolsVersion="4.0" xmlns="http://schemas.microsoft.com/developer/msbuild/2003">
  <ItemGroup>
    <ClCompile Include="AttemperEngineSink.cpp">
      <Filter>源文件</Filter>
    </ClCompile>
    <ClCompile Include="DataBaseEngineSink.cpp">
      <Filter>源文件</Filter>
    </ClCompile>
    <ClCompile Include="DBCorrespondManager.cpp">
      <Filter>源文件</Filter>
    </ClCompile>
    <ClCompile Include="DistributeManager.cpp">
      <Filter>源文件</Filter>
    </ClCompile>
    <ClCompile Include="GameServer.cpp">
      <Filter>源文件</Filter>
    </ClCompile>
    <ClCompile Include="SensitiveWordsFilter.cpp">
      <Filter>源文件</Filter>
    </ClCompile>
    <ClCompile Include="ServerListManager.cpp">
      <Filter>源文件</Filter>
    </ClCompile>
    <ClCompile Include="ServiceUnits.cpp">
      <Filter>源文件</Filter>
    </ClCompile>
    <ClCompile Include="Stdafx.cpp">
      <Filter>源文件</Filter>
    </ClCompile>
    <ClCompile Include="StockManager.cpp">
      <Filter>源文件</Filter>
    </ClCompile>
    <ClCompile Include="TableFrame.cpp">
      <Filter>源文件</Filter>
    </ClCompile>
    <ClCompile Include="DlgGameServer.cpp">
      <Filter>源文件</Filter>
    </ClCompile>
  </ItemGroup>
  <ItemGroup>
    <ClInclude Include="AttemperEngineSink.h">
      <Filter>头文件</Filter>
    </ClInclude>
    <ClInclude Include="ControlPacket.h">
      <Filter>头文件</Filter>
    </ClInclude>
    <ClInclude Include="DataBaseEngineSink.h">
      <Filter>头文件</Filter>
    </ClInclude>
    <ClInclude Include="DBCorrespondManager.h">
      <Filter>头文件</Filter>
    </ClInclude>
    <ClInclude Include="DistributeManager.h">
      <Filter>头文件</Filter>
    </ClInclude>
    <ClInclude Include="GameServer.h">
      <Filter>头文件</Filter>
    </ClInclude>
    <ClInclude Include="Resource.h">
      <Filter>头文件</Filter>
    </ClInclude>
    <ClInclude Include="SensitiveWordsFilter.h">
      <Filter>头文件</Filter>
    </ClInclude>
    <ClInclude Include="ServerListManager.h">
      <Filter>头文件</Filter>
    </ClInclude>
    <ClInclude Include="ServiceUnits.h">
      <Filter>头文件</Filter>
    </ClInclude>
    <ClInclude Include="Stdafx.h">
      <Filter>头文件</Filter>
    </ClInclude>
    <ClInclude Include="StockManager.h">
      <Filter>头文件</Filter>
    </ClInclude>
    <ClInclude Include="TableFrame.h">
      <Filter>头文件</Filter>
    </ClInclude>
    <ClInclude Include="..\..\消息定义\CMD_GameServer.h">
      <Filter>消息定义</Filter>
    </ClInclude>
    <ClInclude Include="DataBasePacket.h">
      <Filter>消息定义</Filter>
    </ClInclude>
    <ClInclude Include="DlgGameServer.h">
      <Filter>头文件</Filter>
    </ClInclude>
    <ClInclude Include="..\..\消息定义\STR_CMD_GameServer.h">
      <Filter>消息定义</Filter>
    </ClInclude>
  </ItemGroup>
  <ItemGroup>
    <Filter Include="头文件">
      <UniqueIdentifier>{33e8c026-e8b5-4d65-9de6-f2e197335a40}</UniqueIdentifier>
    </Filter>
    <Filter Include="源文件">
      <UniqueIdentifier>{9acd37a9-3647-4a0b-8a49-c6522962dd81}</UniqueIdentifier>
    </Filter>
    <Filter Include="资源文件">
      <UniqueIdentifier>{1a5913d0-35bf-4ee1-8ccf-879dac909a38}</UniqueIdentifier>
    </Filter>
    <Filter Include="消息定义">
      <UniqueIdentifier>{4a5c8e5d-d8f4-4ab8-b5cc-a4d6fffe0842}</UniqueIdentifier>
    </Filter>
  </ItemGroup>
  <ItemGroup>
    <None Include="res\GameServer.rc2">
      <Filter>资源文件</Filter>
    </None>
  </ItemGroup>
  <ItemGroup>
    <ResourceCompile Include="GameServer.rc">
      <Filter>资源文件</Filter>
    </ResourceCompile>
  </ItemGroup>
  <ItemGroup>
    <Image Include="res\GameServer.ico">
      <Filter>资源文件</Filter>
    </Image>
  </ItemGroup>
</Project>