<?xml version="1.0" encoding="utf-8"?>
<Project ToolsVersion="4.0" xmlns="http://schemas.microsoft.com/developer/msbuild/2003">
  <ItemGroup>
    <ClCompile Include="AttemperEngineSink.cpp">
      <Filter>源文件</Filter>
    </ClCompile>
    <ClCompile Include="CorrespondServer.cpp">
      <Filter>源文件</Filter>
    </ClCompile>
    <ClCompile Include="DlgCorrespondServer.cpp">
      <Filter>源文件</Filter>
    </ClCompile>
    <ClCompile Include="GlobalInfoManager.cpp">
      <Filter>源文件</Filter>
    </ClCompile>
    <ClCompile Include="InitParameter.cpp">
      <Filter>源文件</Filter>
    </ClCompile>
    <ClCompile Include="ServiceUnits.cpp">
      <Filter>源文件</Filter>
    </ClCompile>
    <ClCompile Include="Stdafx.cpp">
      <Filter>源文件</Filter>
    </ClCompile>
  </ItemGroup>
  <ItemGroup>
    <ClInclude Include="..\..\消息定义\CMD_Correspond.h">
      <Filter>消息定义</Filter>
    </ClInclude>
    <ClInclude Include="AttemperEngineSink.h">
      <Filter>头文件</Filter>
    </ClInclude>
    <ClInclude Include="ControlPacket.h">
      <Filter>头文件</Filter>
    </ClInclude>
    <ClInclude Include="CorrespondServer.h">
      <Filter>头文件</Filter>
    </ClInclude>
    <ClInclude Include="DlgCorrespondServer.h">
      <Filter>头文件</Filter>
    </ClInclude>
    <ClInclude Include="GlobalInfoManager.h">
      <Filter>头文件</Filter>
    </ClInclude>
    <ClInclude Include="InitParameter.h">
      <Filter>头文件</Filter>
    </ClInclude>
    <ClInclude Include="ServiceUnits.h">
      <Filter>头文件</Filter>
    </ClInclude>
    <ClInclude Include="Stdafx.h">
      <Filter>头文件</Filter>
    </ClInclude>
    <ClInclude Include="Resource.h">
      <Filter>头文件</Filter>
    </ClInclude>
    <ClInclude Include="..\..\消息定义\STR_CMD_Correspond.h">
      <Filter>消息定义</Filter>
    </ClInclude>
  </ItemGroup>
  <ItemGroup>
    <Filter Include="消息定义">
      <UniqueIdentifier>{720e5aac-bf26-4619-ba88-5bbbac73652c}</UniqueIdentifier>
    </Filter>
    <Filter Include="源文件">
      <UniqueIdentifier>{525e898a-dd3a-4ba3-b3f4-fcd19084088d}</UniqueIdentifier>
    </Filter>
    <Filter Include="资源文件">
      <UniqueIdentifier>{9146a550-40d5-4a4a-bb58-86d9442408de}</UniqueIdentifier>
    </Filter>
    <Filter Include="头文件">
      <UniqueIdentifier>{e2fec62c-637e-4a5e-a8e1-309027147653}</UniqueIdentifier>
    </Filter>
  </ItemGroup>
  <ItemGroup>
    <Image Include="res\Correspond.ico">
      <Filter>资源文件</Filter>
    </Image>
  </ItemGroup>
  <ItemGroup>
    <ResourceCompile Include="Correspond.rc">
      <Filter>资源文件</Filter>
    </ResourceCompile>
  </ItemGroup>
  <ItemGroup>
    <None Include="res\Correspond.rc2">
      <Filter>资源文件</Filter>
    </None>
  </ItemGroup>
</Project>